// !$*UTF8*$!
{
	archiveVersion = 1;
	classes = {
	};
	objectVersion = 46;
	objects = {

/* Begin PBXBuildFile section */
		2DF9BCF01BE5B47C000BA8EC /* AppDelegate.swift in Sources */ = {isa = PBXBuildFile; fileRef = 2DF9BCEF1BE5B47C000BA8EC /* AppDelegate.swift */; };
		2DF9BCF21BE5B47C000BA8EC /* ViewController.swift in Sources */ = {isa = PBXBuildFile; fileRef = 2DF9BCF11BE5B47C000BA8EC /* ViewController.swift */; };
		2DF9BCF71BE5B47C000BA8EC /* Assets.xcassets in Resources */ = {isa = PBXBuildFile; fileRef = 2DF9BCF61BE5B47C000BA8EC /* Assets.xcassets */; };
		2DF9BCFA1BE5B47C000BA8EC /* LaunchScreen.storyboard in Resources */ = {isa = PBXBuildFile; fileRef = 2DF9BCF81BE5B47C000BA8EC /* LaunchScreen.storyboard */; };
		2DF9BD051BE5B47C000BA8EC /* My_BitsTests.swift in Sources */ = {isa = PBXBuildFile; fileRef = 2DF9BD041BE5B47C000BA8EC /* My_BitsTests.swift */; };
		2DF9BD101BE5B47C000BA8EC /* My_BitsUITests.swift in Sources */ = {isa = PBXBuildFile; fileRef = 2DF9BD0F1BE5B47C000BA8EC /* My_BitsUITests.swift */; };
/* End PBXBuildFile section */

/* Begin PBXContainerItemProxy section */
		2DF9BD011BE5B47C000BA8EC /* PBXContainerItemProxy */ = {
			isa = PBXContainerItemProxy;
			containerPortal = 2DF9BCE41BE5B47C000BA8EC /* Project object */;
			proxyType = 1;
			remoteGlobalIDString = 2DF9BCEB1BE5B47C000BA8EC;
			remoteInfo = "My Bits";
		};
		2DF9BD0C1BE5B47C000BA8EC /* PBXContainerItemProxy */ = {
			isa = PBXContainerItemProxy;
			containerPortal = 2DF9BCE41BE5B47C000BA8EC /* Project object */;
			proxyType = 1;
			remoteGlobalIDString = 2DF9BCEB1BE5B47C000BA8EC;
			remoteInfo = "My Bits";
		};
/* End PBXContainerItemProxy section */

/* Begin PBXFileReference section */
		2DF9BCEC1BE5B47C000BA8EC /* My Bits.app */ = {isa = PBXFileReference; explicitFileType = wrapper.application; includeInIndex = 0; path = "My Bits.app"; sourceTree = BUILT_PRODUCTS_DIR; };
		2DF9BCEF1BE5B47C000BA8EC /* AppDelegate.swift */ = {isa = PBXFileReference; lastKnownFileType = sourcecode.swift; path = AppDelegate.swift; sourceTree = "<group>"; };
		2DF9BCF11BE5B47C000BA8EC /* ViewController.swift */ = {isa = PBXFileReference; lastKnownFileType = sourcecode.swift; path = ViewController.swift; sourceTree = "<group>"; };
		2DF9BCF61BE5B47C000BA8EC /* Assets.xcassets */ = {isa = PBXFileReference; lastKnownFileType = folder.assetcatalog; path = Assets.xcassets; sourceTree = "<group>"; };
		2DF9BCF91BE5B47C000BA8EC /* Base */ = {isa = PBXFileReference; lastKnownFileType = file.storyboard; name = Base; path = Base.lproj/LaunchScreen.storyboard; sourceTree = "<group>"; };
		2DF9BCFB1BE5B47C000BA8EC /* Info.plist */ = {isa = PBXFileReference; lastKnownFileType = text.plist.xml; path = Info.plist; sourceTree = "<group>"; };
		2DF9BD001BE5B47C000BA8EC /* My BitsTests.xctest */ = {isa = PBXFileReference; explicitFileType = wrapper.cfbundle; includeInIndex = 0; path = "My BitsTests.xctest"; sourceTree = BUILT_PRODUCTS_DIR; };
		2DF9BD041BE5B47C000BA8EC /* My_BitsTests.swift */ = {isa = PBXFileReference; lastKnownFileType = sourcecode.swift; path = My_BitsTests.swift; sourceTree = "<group>"; };
		2DF9BD061BE5B47C000BA8EC /* Info.plist */ = {isa = PBXFileReference; lastKnownFileType = text.plist.xml; path = Info.plist; sourceTree = "<group>"; };
		2DF9BD0B1BE5B47C000BA8EC /* My BitsUITests.xctest */ = {isa = PBXFileReference; explicitFileType = wrapper.cfbundle; includeInIndex = 0; path = "My BitsUITests.xctest"; sourceTree = BUILT_PRODUCTS_DIR; };
		2DF9BD0F1BE5B47C000BA8EC /* My_BitsUITests.swift */ = {isa = PBXFileReference; lastKnownFileType = sourcecode.swift; path = My_BitsUITests.swift; sourceTree = "<group>"; };
		2DF9BD111BE5B47C000BA8EC /* Info.plist */ = {isa = PBXFileReference; lastKnownFileType = text.plist.xml; path = Info.plist; sourceTree = "<group>"; };
/* End PBXFileReference section */

/* Begin PBXFrameworksBuildPhase section */
		2DF9BCE91BE5B47C000BA8EC /* Frameworks */ = {
			isa = PBXFrameworksBuildPhase;
			buildActionMask = 2147483647;
			files = (
			);
			runOnlyForDeploymentPostprocessing = 0;
		};
		2DF9BCFD1BE5B47C000BA8EC /* Frameworks */ = {
			isa = PBXFrameworksBuildPhase;
			buildActionMask = 2147483647;
			files = (
			);
			runOnlyForDeploymentPostprocessing = 0;
		};
		2DF9BD081BE5B47C000BA8EC /* Frameworks */ = {
			isa = PBXFrameworksBuildPhase;
			buildActionMask = 2147483647;
			files = (
			);
			runOnlyForDeploymentPostprocessing = 0;
		};
/* End PBXFrameworksBuildPhase section */

/* Begin PBXGroup section */
		2DF9BCE31BE5B47C000BA8EC = {
			isa = PBXGroup;
			children = (
				2DF9BCEE1BE5B47C000BA8EC /* My Bits */,
				2DF9BD031BE5B47C000BA8EC /* My BitsTests */,
				2DF9BD0E1BE5B47C000BA8EC /* My BitsUITests */,
				2DF9BCED1BE5B47C000BA8EC /* Products */,
			);
			sourceTree = "<group>";
		};
		2DF9BCED1BE5B47C000BA8EC /* Products */ = {
			isa = PBXGroup;
			children = (
				2DF9BCEC1BE5B47C000BA8EC /* My Bits.app */,
				2DF9BD001BE5B47C000BA8EC /* My BitsTests.xctest */,
				2DF9BD0B1BE5B47C000BA8EC /* My BitsUITests.xctest */,
			);
			name = Products;
			sourceTree = "<group>";
		};
		2DF9BCEE1BE5B47C000BA8EC /* My Bits */ = {
			isa = PBXGroup;
			children = (
				2DF9BCEF1BE5B47C000BA8EC /* AppDelegate.swift */,
				2DF9BCF11BE5B47C000BA8EC /* ViewController.swift */,
				2DF9BCF61BE5B47C000BA8EC /* Assets.xcassets */,
				2DF9BCF81BE5B47C000BA8EC /* LaunchScreen.storyboard */,
				2DF9BCFB1BE5B47C000BA8EC /* Info.plist */,
			);
			path = "My Bits";
			sourceTree = "<group>";
		};
		2DF9BD031BE5B47C000BA8EC /* My BitsTests */ = {
			isa = PBXGroup;
			children = (
				2DF9BD041BE5B47C000BA8EC /* My_BitsTests.swift */,
				2DF9BD061BE5B47C000BA8EC /* Info.plist */,
			);
			path = "My BitsTests";
			sourceTree = "<group>";
		};
		2DF9BD0E1BE5B47C000BA8EC /* My BitsUITests */ = {
			isa = PBXGroup;
			children = (
				2DF9BD0F1BE5B47C000BA8EC /* My_BitsUITests.swift */,
				2DF9BD111BE5B47C000BA8EC /* Info.plist */,
			);
			path = "My BitsUITests";
			sourceTree = "<group>";
		};
/* End PBXGroup section */

/* Begin PBXNativeTarget section */
		2DF9BCEB1BE5B47C000BA8EC /* My Bits */ = {
			isa = PBXNativeTarget;
			buildConfigurationList = 2DF9BD141BE5B47C000BA8EC /* Build configuration list for PBXNativeTarget "My Bits" */;
			buildPhases = (
				2DF9BCE81BE5B47C000BA8EC /* Sources */,
				2DF9BCE91BE5B47C000BA8EC /* Frameworks */,
				2DF9BCEA1BE5B47C000BA8EC /* Resources */,
			);
			buildRules = (
			);
			dependencies = (
			);
			name = "My Bits";
			productName = "My Bits";
			productReference = 2DF9BCEC1BE5B47C000BA8EC /* My Bits.app */;
			productType = "com.apple.product-type.application";
		};
		2DF9BCFF1BE5B47C000BA8EC /* My BitsTests */ = {
			isa = PBXNativeTarget;
			buildConfigurationList = 2DF9BD171BE5B47C000BA8EC /* Build configuration list for PBXNativeTarget "My BitsTests" */;
			buildPhases = (
				2DF9BCFC1BE5B47C000BA8EC /* Sources */,
				2DF9BCFD1BE5B47C000BA8EC /* Frameworks */,
				2DF9BCFE1BE5B47C000BA8EC /* Resources */,
			);
			buildRules = (
			);
			dependencies = (
				2DF9BD021BE5B47C000BA8EC /* PBXTargetDependency */,
			);
			name = "My BitsTests";
			productName = "My BitsTests";
			productReference = 2DF9BD001BE5B47C000BA8EC /* My BitsTests.xctest */;
			productType = "com.apple.product-type.bundle.unit-test";
		};
		2DF9BD0A1BE5B47C000BA8EC /* My BitsUITests */ = {
			isa = PBXNativeTarget;
			buildConfigurationList = 2DF9BD1A1BE5B47C000BA8EC /* Build configuration list for PBXNativeTarget "My BitsUITests" */;
			buildPhases = (
				2DF9BD071BE5B47C000BA8EC /* Sources */,
				2DF9BD081BE5B47C000BA8EC /* Frameworks */,
				2DF9BD091BE5B47C000BA8EC /* Resources */,
			);
			buildRules = (
			);
			dependencies = (
				2DF9BD0D1BE5B47C000BA8EC /* PBXTargetDependency */,
			);
			name = "My BitsUITests";
			productName = "My BitsUITests";
			productReference = 2DF9BD0B1BE5B47C000BA8EC /* My BitsUITests.xctest */;
			productType = "com.apple.product-type.bundle.ui-testing";
		};
/* End PBXNativeTarget section */

/* Begin PBXProject section */
		2DF9BCE41BE5B47C000BA8EC /* Project object */ = {
			isa = PBXProject;
			attributes = {
				LastSwiftUpdateCheck = 0710;
				LastUpgradeCheck = 0710;
				ORGANIZATIONNAME = "MP Solutions";
				TargetAttributes = {
					2DF9BCEB1BE5B47C000BA8EC = {
						CreatedOnToolsVersion = 7.1;
					};
					2DF9BCFF1BE5B47C000BA8EC = {
						CreatedOnToolsVersion = 7.1;
						TestTargetID = 2DF9BCEB1BE5B47C000BA8EC;
					};
					2DF9BD0A1BE5B47C000BA8EC = {
						CreatedOnToolsVersion = 7.1;
						TestTargetID = 2DF9BCEB1BE5B47C000BA8EC;
					};
				};
			};
			buildConfigurationList = 2DF9BCE71BE5B47C000BA8EC /* Build configuration list for PBXProject "My Bits" */;
			compatibilityVersion = "Xcode 3.2";
			developmentRegion = English;
			hasScannedForEncodings = 0;
			knownRegions = (
				en,
				Base,
			);
			mainGroup = 2DF9BCE31BE5B47C000BA8EC;
			productRefGroup = 2DF9BCED1BE5B47C000BA8EC /* Products */;
			projectDirPath = "";
			projectRoot = "";
			targets = (
				2DF9BCEB1BE5B47C000BA8EC /* My Bits */,
				2DF9BCFF1BE5B47C000BA8EC /* My BitsTests */,
				2DF9BD0A1BE5B47C000BA8EC /* My BitsUITests */,
			);
		};
/* End PBXProject section */

/* Begin PBXResourcesBuildPhase section */
		2DF9BCEA1BE5B47C000BA8EC /* Resources */ = {
			isa = PBXResourcesBuildPhase;
			buildActionMask = 2147483647;
			files = (
				2DF9BCFA1BE5B47C000BA8EC /* LaunchScreen.storyboard in Resources */,
				2DF9BCF71BE5B47C000BA8EC /* Assets.xcassets in Resources */,
			);
			runOnlyForDeploymentPostprocessing = 0;
		};
		2DF9BCFE1BE5B47C000BA8EC /* Resources */ = {
			isa = PBXResourcesBuildPhase;
			buildActionMask = 2147483647;
			files = (
			);
			runOnlyForDeploymentPostprocessing = 0;
		};
		2DF9BD091BE5B47C000BA8EC /* Resources */ = {
			isa = PBXResourcesBuildPhase;
			buildActionMask = 2147483647;
			files = (
			);
			runOnlyForDeploymentPostprocessing = 0;
		};
/* End PBXResourcesBuildPhase section */

/* Begin PBXSourcesBuildPhase section */
		2DF9BCE81BE5B47C000BA8EC /* Sources */ = {
			isa = PBXSourcesBuildPhase;
			buildActionMask = 2147483647;
			files = (
				2DF9BCF21BE5B47C000BA8EC /* ViewController.swift in Sources */,
				2DF9BCF01BE5B47C000BA8EC /* AppDelegate.swift in Sources */,
			);
			runOnlyForDeploymentPostprocessing = 0;
		};
		2DF9BCFC1BE5B47C000BA8EC /* Sources */ = {
			isa = PBXSourcesBuildPhase;
			buildActionMask = 2147483647;
			files = (
				2DF9BD051BE5B47C000BA8EC /* My_BitsTests.swift in Sources */,
			);
			runOnlyForDeploymentPostprocessing = 0;
		};
		2DF9BD071BE5B47C000BA8EC /* Sources */ = {
			isa = PBXSourcesBuildPhase;
			buildActionMask = 2147483647;
			files = (
				2DF9BD101BE5B47C000BA8EC /* My_BitsUITests.swift in Sources */,
			);
			runOnlyForDeploymentPostprocessing = 0;
		};
/* End PBXSourcesBuildPhase section */

/* Begin PBXTargetDependency section */
		2DF9BD021BE5B47C000BA8EC /* PBXTargetDependency */ = {
			isa = PBXTargetDependency;
			target = 2DF9BCEB1BE5B47C000BA8EC /* My Bits */;
			targetProxy = 2DF9BD011BE5B47C000BA8EC /* PBXContainerItemProxy */;
		};
		2DF9BD0D1BE5B47C000BA8EC /* PBXTargetDependency */ = {
			isa = PBXTargetDependency;
			target = 2DF9BCEB1BE5B47C000BA8EC /* My Bits */;
			targetProxy = 2DF9BD0C1BE5B47C000BA8EC /* PBXContainerItemProxy */;
		};
/* End PBXTargetDependency section */

/* Begin PBXVariantGroup section */
		2DF9BCF81BE5B47C000BA8EC /* LaunchScreen.storyboard */ = {
			isa = PBXVariantGroup;
			children = (
				2DF9BCF91BE5B47C000BA8EC /* Base */,
			);
			name = LaunchScreen.storyboard;
			sourceTree = "<group>";
		};
/* End PBXVariantGroup section */

/* Begin XCBuildConfiguration section */
		2DF9BD121BE5B47C000BA8EC /* Debug */ = {
			isa = XCBuildConfiguration;
			buildSettings = {
				ALWAYS_SEARCH_USER_PATHS = NO;
				CLANG_CXX_LANGUAGE_STANDARD = "gnu++0x";
				CLANG_CXX_LIBRARY = "libc++";
				CLANG_ENABLE_MODULES = YES;
				CLANG_ENABLE_OBJC_ARC = YES;
				CLANG_WARN_BOOL_CONVERSION = YES;
				CLANG_WARN_CONSTANT_CONVERSION = YES;
				CLANG_WARN_DIRECT_OBJC_ISA_USAGE = YES_ERROR;
				CLANG_WARN_EMPTY_BODY = YES;
				CLANG_WARN_ENUM_CONVERSION = YES;
				CLANG_WARN_INT_CONVERSION = YES;
				CLANG_WARN_OBJC_ROOT_CLASS = YES_ERROR;
				CLANG_WARN_UNREACHABLE_CODE = YES;
				CLANG_WARN__DUPLICATE_METHOD_MATCH = YES;
				"CODE_SIGN_IDENTITY[sdk=iphoneos*]" = "iPhone Developer";
				COPY_PHASE_STRIP = NO;
				DEBUG_INFORMATION_FORMAT = dwarf;
				ENABLE_STRICT_OBJC_MSGSEND = YES;
				ENABLE_TESTABILITY = YES;
				GCC_C_LANGUAGE_STANDARD = gnu99;
				GCC_DYNAMIC_NO_PIC = NO;
				GCC_NO_COMMON_BLOCKS = YES;
				GCC_OPTIMIZATION_LEVEL = 0;
				GCC_PREPROCESSOR_DEFINITIONS = (
					"DEBUG=1",
					"$(inherited)",
				);
				GCC_WARN_64_TO_32_BIT_CONVERSION = YES;
				GCC_WARN_ABOUT_RETURN_TYPE = YES_ERROR;
				GCC_WARN_UNDECLARED_SELECTOR = YES;
				GCC_WARN_UNINITIALIZED_AUTOS = YES_AGGRESSIVE;
				GCC_WARN_UNUSED_FUNCTION = YES;
				GCC_WARN_UNUSED_VARIABLE = YES;
				IPHONEOS_DEPLOYMENT_TARGET = 9.1;
				MTL_ENABLE_DEBUG_INFO = YES;
				ONLY_ACTIVE_ARCH = YES;
				SDKROOT = iphoneos;
				SWIFT_OPTIMIZATION_LEVEL = "-Onone";
			};
			name = Debug;
		};
		2DF9BD131BE5B47C000BA8EC /* Release */ = {
			isa = XCBuildConfiguration;
			buildSettings = {
				ALWAYS_SEARCH_USER_PATHS = NO;
				CLANG_CXX_LANGUAGE_STANDARD = "gnu++0x";
				CLANG_CXX_LIBRARY = "libc++";
				CLANG_ENABLE_MODULES = YES;
				CLANG_ENABLE_OBJC_ARC = YES;
				CLANG_WARN_BOOL_CONVERSION = YES;
				CLANG_WARN_CONSTANT_CONVERSION = YES;
				CLANG_WARN_DIRECT_OBJC_ISA_USAGE = YES_ERROR;
				CLANG_WARN_EMPTY_BODY = YES;
				CLANG_WARN_ENUM_CONVERSION = YES;
				CLANG_WARN_INT_CONVERSION = YES;
				CLANG_WARN_OBJC_ROOT_CLASS = YES_ERROR;
				CLANG_WARN_UNREACHABLE_CODE = YES;
				CLANG_WARN__DUPLICATE_METHOD_MATCH = YES;
				"CODE_SIGN_IDENTITY[sdk=iphoneos*]" = "iPhone Developer";
				COPY_PHASE_STRIP = NO;
				DEBUG_INFORMATION_FORMAT = "dwarf-with-dsym";
				ENABLE_NS_ASSERTIONS = NO;
				ENABLE_STRICT_OBJC_MSGSEND = YES;
				GCC_C_LANGUAGE_STANDARD = gnu99;
				GCC_NO_COMMON_BLOCKS = YES;
				GCC_WARN_64_TO_32_BIT_CONVERSION = YES;
				GCC_WARN_ABOUT_RETURN_TYPE = YES_ERROR;
				GCC_WARN_UNDECLARED_SELECTOR = YES;
				GCC_WARN_UNINITIALIZED_AUTOS = YES_AGGRESSIVE;
				GCC_WARN_UNUSED_FUNCTION = YES;
				GCC_WARN_UNUSED_VARIABLE = YES;
				IPHONEOS_DEPLOYMENT_TARGET = 9.1;
				MTL_ENABLE_DEBUG_INFO = NO;
				SDKROOT = iphoneos;
				VALIDATE_PRODUCT = YES;
			};
			name = Release;
		};
		2DF9BD151BE5B47C000BA8EC /* Debug */ = {
			isa = XCBuildConfiguration;
			buildSettings = {
				ASSETCATALOG_COMPILER_APPICON_NAME = AppIcon;
				INFOPLIST_FILE = "My Bits/Info.plist";
				LD_RUNPATH_SEARCH_PATHS = "$(inherited) @executable_path/Frameworks";
				PRODUCT_BUNDLE_IDENTIFIER = "mp-solutions.My-Bits";
				PRODUCT_NAME = "$(TARGET_NAME)";
			};
			name = Debug;
		};
		2DF9BD161BE5B47C000BA8EC /* Release */ = {
			isa = XCBuildConfiguration;
			buildSettings = {
				ASSETCATALOG_COMPILER_APPICON_NAME = AppIcon;
				INFOPLIST_FILE = "My Bits/Info.plist";
				LD_RUNPATH_SEARCH_PATHS = "$(inherited) @executable_path/Frameworks";
				PRODUCT_BUNDLE_IDENTIFIER = "mp-solutions.My-Bits";
				PRODUCT_NAME = "$(TARGET_NAME)";
			};
			name = Release;
		};
		2DF9BD181BE5B47C000BA8EC /* Debug */ = {
			isa = XCBuildConfiguration;
			buildSettings = {
				BUNDLE_LOADER = "$(TEST_HOST)";
				INFOPLIST_FILE = "My BitsTests/Info.plist";
				LD_RUNPATH_SEARCH_PATHS = "$(inherited) @executable_path/Frameworks @loader_path/Frameworks";
				PRODUCT_BUNDLE_IDENTIFIER = "mp-solutions.My-BitsTests";
				PRODUCT_NAME = "$(TARGET_NAME)";
				TEST_HOST = "$(BUILT_PRODUCTS_DIR)/My Bits.app/My Bits";
			};
			name = Debug;
		};
		2DF9BD191BE5B47C000BA8EC /* Release */ = {
			isa = XCBuildConfiguration;
			buildSettings = {
				BUNDLE_LOADER = "$(TEST_HOST)";
				INFOPLIST_FILE = "My BitsTests/Info.plist";
				LD_RUNPATH_SEARCH_PATHS = "$(inherited) @executable_path/Frameworks @loader_path/Frameworks";
				PRODUCT_BUNDLE_IDENTIFIER = "mp-solutions.My-BitsTests";
				PRODUCT_NAME = "$(TARGET_NAME)";
				TEST_HOST = "$(BUILT_PRODUCTS_DIR)/My Bits.app/My Bits";
			};
			name = Release;
		};
		2DF9BD1B1BE5B47C000BA8EC /* Debug */ = {
			isa = XCBuildConfiguration;
			buildSettings = {
				INFOPLIST_FILE = "My BitsUITests/Info.plist";
				LD_RUNPATH_SEARCH_PATHS = "$(inherited) @executable_path/Frameworks @loader_path/Frameworks";
				PRODUCT_BUNDLE_IDENTIFIER = "mp-solutions.My-BitsUITests";
				PRODUCT_NAME = "$(TARGET_NAME)";
				TEST_TARGET_NAME = "My Bits";
				USES_XCTRUNNER = YES;
			};
			name = Debug;
		};
		2DF9BD1C1BE5B47C000BA8EC /* Release */ = {
			isa = XCBuildConfiguration;
			buildSettings = {
				INFOPLIST_FILE = "My BitsUITests/Info.plist";
				LD_RUNPATH_SEARCH_PATHS = "$(inherited) @executable_path/Frameworks @loader_path/Frameworks";
				PRODUCT_BUNDLE_IDENTIFIER = "mp-solutions.My-BitsUITests";
				PRODUCT_NAME = "$(TARGET_NAME)";
				TEST_TARGET_NAME = "My Bits";
				USES_XCTRUNNER = YES;
			};
			name = Release;
		};
/* End XCBuildConfiguration section */

/* Begin XCConfigurationList section */
		2DF9BCE71BE5B47C000BA8EC /* Build configuration list for PBXProject "My Bits" */ = {
			isa = XCConfigurationList;
			buildConfigurations = (
				2DF9BD121BE5B47C000BA8EC /* Debug */,
				2DF9BD131BE5B47C000BA8EC /* Release */,
			);
			defaultConfigurationIsVisible = 0;
			defaultConfigurationName = Release;
		};
		2DF9BD141BE5B47C000BA8EC /* Build configuration list for PBXNativeTarget "My Bits" */ = {
			isa = XCConfigurationList;
			buildConfigurations = (
				2DF9BD151BE5B47C000BA8EC /* Debug */,
				2DF9BD161BE5B47C000BA8EC /* Release */,
			);
			defaultConfigurationIsVisible = 0;
		};
		2DF9BD171BE5B47C000BA8EC /* Build configuration list for PBXNativeTarget "My BitsTests" */ = {
			isa = XCConfigurationList;
			buildConfigurations = (
				2DF9BD181BE5B47C000BA8EC /* Debug */,
				2DF9BD191BE5B47C000BA8EC /* Release */,
			);
			defaultConfigurationIsVisible = 0;
		};
		2DF9BD1A1BE5B47C000BA8EC /* Build configuration list for PBXNativeTarget "My BitsUITests" */ = {
			isa = XCConfigurationList;
			buildConfigurations = (
				2DF9BD1B1BE5B47C000BA8EC /* Debug */,
				2DF9BD1C1BE5B47C000BA8EC /* Release */,
			);
			defaultConfigurationIsVisible = 0;
		};
/* End XCConfigurationList section */
	};
	rootObject = 2DF9BCE41BE5B47C000BA8EC /* Project object */;
}
